// !$*UTF8*$!
{
	archiveVersion = 1;
	classes = {
	};
	objectVersion = 50;
	objects = {

/* Begin PBXBuildFile section */
		BEB694DA29A7BEEA00F7EDB9 /* AppDelegate.swift in Sources */ = {isa = PBXBuildFile; fileRef = BEB694D929A7BEEA00F7EDB9 /* AppDelegate.swift */; };
		BEB694DC29A7BEEA00F7EDB9 /* SceneDelegate.swift in Sources */ = {isa = PBXBuildFile; fileRef = BEB694DB29A7BEEA00F7EDB9 /* SceneDelegate.swift */; };
		BEB694DE29A7BEEA00F7EDB9 /* ViewController.swift in Sources */ = {isa = PBXBuildFile; fileRef = BEB694DD29A7BEEA00F7EDB9 /* ViewController.swift */; };
		BEB694E129A7BEEA00F7EDB9 /* Main.storyboard in Resources */ = {isa = PBXBuildFile; fileRef = BEB694DF29A7BEEA00F7EDB9 /* Main.storyboard */; };
		BEB694E329A7BEED00F7EDB9 /* Assets.xcassets in Resources */ = {isa = PBXBuildFile; fileRef = BEB694E229A7BEED00F7EDB9 /* Assets.xcassets */; };
		BEB694E629A7BEED00F7EDB9 /* LaunchScreen.storyboard in Resources */ = {isa = PBXBuildFile; fileRef = BEB694E429A7BEED00F7EDB9 /* LaunchScreen.storyboard */; };
		BEB694F029A7C38E00F7EDB9 /* PantallaDosViewController.swift in Sources */ = {isa = PBXBuildFile; fileRef = BEB694EF29A7C38E00F7EDB9 /* PantallaDosViewController.swift */; };
		BEB694F429A7C3A800F7EDB9 /* Automovil.swift in Sources */ = {isa = PBXBuildFile; fileRef = BEB694F329A7C3A700F7EDB9 /* Automovil.swift */; };
		BEB694F729A7E7CB00F7EDB9 /* AutoElectrico.swift in Sources */ = {isa = PBXBuildFile; fileRef = BEB694F629A7E7CB00F7EDB9 /* AutoElectrico.swift */; };
/* End PBXBuildFile section */

/* Begin PBXFileReference section */
		BEB694D629A7BEEA00F7EDB9 /* gitHub3.app */ = {isa = PBXFileReference; explicitFileType = wrapper.application; includeInIndex = 0; path = gitHub3.app; sourceTree = BUILT_PRODUCTS_DIR; };
		BEB694D929A7BEEA00F7EDB9 /* AppDelegate.swift */ = {isa = PBXFileReference; lastKnownFileType = sourcecode.swift; path = AppDelegate.swift; sourceTree = "<group>"; };
		BEB694DB29A7BEEA00F7EDB9 /* SceneDelegate.swift */ = {isa = PBXFileReference; lastKnownFileType = sourcecode.swift; path = SceneDelegate.swift; sourceTree = "<group>"; };
		BEB694DD29A7BEEA00F7EDB9 /* ViewController.swift */ = {isa = PBXFileReference; lastKnownFileType = sourcecode.swift; path = ViewController.swift; sourceTree = "<group>"; };
		BEB694E029A7BEEA00F7EDB9 /* Base */ = {isa = PBXFileReference; lastKnownFileType = file.storyboard; name = Base; path = Base.lproj/Main.storyboard; sourceTree = "<group>"; };
		BEB694E229A7BEED00F7EDB9 /* Assets.xcassets */ = {isa = PBXFileReference; lastKnownFileType = folder.assetcatalog; path = Assets.xcassets; sourceTree = "<group>"; };
		BEB694E529A7BEED00F7EDB9 /* Base */ = {isa = PBXFileReference; lastKnownFileType = file.storyboard; name = Base; path = Base.lproj/LaunchScreen.storyboard; sourceTree = "<group>"; };
		BEB694E729A7BEED00F7EDB9 /* Info.plist */ = {isa = PBXFileReference; lastKnownFileType = text.plist.xml; path = Info.plist; sourceTree = "<group>"; };
		BEB694EF29A7C38E00F7EDB9 /* PantallaDosViewController.swift */ = {isa = PBXFileReference; lastKnownFileType = sourcecode.swift; path = PantallaDosViewController.swift; sourceTree = "<group>"; };
		BEB694F329A7C3A700F7EDB9 /* Automovil.swift */ = {isa = PBXFileReference; lastKnownFileType = sourcecode.swift; path = Automovil.swift; sourceTree = "<group>"; };
		BEB694F629A7E7CB00F7EDB9 /* AutoElectrico.swift */ = {isa = PBXFileReference; lastKnownFileType = sourcecode.swift; path = AutoElectrico.swift; sourceTree = "<group>"; };
/* End PBXFileReference section */

/* Begin PBXFrameworksBuildPhase section */
		BEB694D329A7BEEA00F7EDB9 /* Frameworks */ = {
			isa = PBXFrameworksBuildPhase;
			buildActionMask = 2147483647;
			files = (
			);
			runOnlyForDeploymentPostprocessing = 0;
		};
/* End PBXFrameworksBuildPhase section */

/* Begin PBXGroup section */
		BEB694CD29A7BEEA00F7EDB9 = {
			isa = PBXGroup;
			children = (
				BEB694D829A7BEEA00F7EDB9 /* gitHub3 */,
				BEB694D729A7BEEA00F7EDB9 /* Products */,
			);
			sourceTree = "<group>";
		};
		BEB694D729A7BEEA00F7EDB9 /* Products */ = {
			isa = PBXGroup;
			children = (
				BEB694D629A7BEEA00F7EDB9 /* gitHub3.app */,
			);
			name = Products;
			sourceTree = "<group>";
		};
		BEB694D829A7BEEA00F7EDB9 /* gitHub3 */ = {
			isa = PBXGroup;
			children = (
				BEB694EE29A7C36300F7EDB9 /* PantallaDos */,
				BEB694D929A7BEEA00F7EDB9 /* AppDelegate.swift */,
				BEB694DB29A7BEEA00F7EDB9 /* SceneDelegate.swift */,
				BEB694DD29A7BEEA00F7EDB9 /* ViewController.swift */,
				BEB694DF29A7BEEA00F7EDB9 /* Main.storyboard */,
				BEB694E229A7BEED00F7EDB9 /* Assets.xcassets */,
				BEB694E429A7BEED00F7EDB9 /* LaunchScreen.storyboard */,
				BEB694E729A7BEED00F7EDB9 /* Info.plist */,
				BEB694F329A7C3A700F7EDB9 /* Automovil.swift */,
				BEB694F629A7E7CB00F7EDB9 /* AutoElectrico.swift */,
			);
			path = gitHub3;
			sourceTree = "<group>";
		};
		BEB694EE29A7C36300F7EDB9 /* PantallaDos */ = {
			isa = PBXGroup;
			children = (
				BEB694EF29A7C38E00F7EDB9 /* PantallaDosViewController.swift */,
			);
			path = PantallaDos;
			sourceTree = "<group>";
		};
/* End PBXGroup section */

/* Begin PBXNativeTarget section */
		BEB694D529A7BEEA00F7EDB9 /* gitHub3 */ = {
			isa = PBXNativeTarget;
			buildConfigurationList = BEB694EA29A7BEED00F7EDB9 /* Build configuration list for PBXNativeTarget "gitHub3" */;
			buildPhases = (
				BEB694D229A7BEEA00F7EDB9 /* Sources */,
				BEB694D329A7BEEA00F7EDB9 /* Frameworks */,
				BEB694D429A7BEEA00F7EDB9 /* Resources */,
			);
			buildRules = (
			);
			dependencies = (
			);
			name = gitHub3;
			productName = gitHub3;
			productReference = BEB694D629A7BEEA00F7EDB9 /* gitHub3.app */;
			productType = "com.apple.product-type.application";
		};
/* End PBXNativeTarget section */

/* Begin PBXProject section */
		BEB694CE29A7BEEA00F7EDB9 /* Project object */ = {
			isa = PBXProject;
			attributes = {
				LastSwiftUpdateCheck = 1240;
				LastUpgradeCheck = 1240;
				TargetAttributes = {
					BEB694D529A7BEEA00F7EDB9 = {
						CreatedOnToolsVersion = 12.4;
					};
				};
			};
			buildConfigurationList = BEB694D129A7BEEA00F7EDB9 /* Build configuration list for PBXProject "gitHub3" */;
			compatibilityVersion = "Xcode 9.3";
			developmentRegion = en;
			hasScannedForEncodings = 0;
			knownRegions = (
				en,
				Base,
			);
			mainGroup = BEB694CD29A7BEEA00F7EDB9;
			productRefGroup = BEB694D729A7BEEA00F7EDB9 /* Products */;
			projectDirPath = "";
			projectRoot = "";
			targets = (
				BEB694D529A7BEEA00F7EDB9 /* gitHub3 */,
			);
		};
/* End PBXProject section */

/* Begin PBXResourcesBuildPhase section */
		BEB694D429A7BEEA00F7EDB9 /* Resources */ = {
			isa = PBXResourcesBuildPhase;
			buildActionMask = 2147483647;
			files = (
				BEB694E629A7BEED00F7EDB9 /* LaunchScreen.storyboard in Resources */,
				BEB694E329A7BEED00F7EDB9 /* Assets.xcassets in Resources */,
				BEB694E129A7BEEA00F7EDB9 /* Main.storyboard in Resources */,
			);
			runOnlyForDeploymentPostprocessing = 0;
		};
/* End PBXResourcesBuildPhase section */

/* Begin PBXSourcesBuildPhase section */
		BEB694D229A7BEEA00F7EDB9 /* Sources */ = {
			isa = PBXSourcesBuildPhase;
			buildActionMask = 2147483647;
			files = (
				BEB694F029A7C38E00F7EDB9 /* PantallaDosViewController.swift in Sources */,
				BEB694F729A7E7CB00F7EDB9 /* AutoElectrico.swift in Sources */,
				BEB694F429A7C3A800F7EDB9 /* Automovil.swift in Sources */,
				BEB694DE29A7BEEA00F7EDB9 /* ViewController.swift in Sources */,
				BEB694DA29A7BEEA00F7EDB9 /* AppDelegate.swift in Sources */,
				BEB694DC29A7BEEA00F7EDB9 /* SceneDelegate.swift in Sources */,
			);
			runOnlyForDeploymentPostprocessing = 0;
		};
/* End PBXSourcesBuildPhase section */

/* Begin PBXVariantGroup section */
		BEB694DF29A7BEEA00F7EDB9 /* Main.storyboard */ = {
			isa = PBXVariantGroup;
			children = (
				BEB694E029A7BEEA00F7EDB9 /* Base */,
			);
			name = Main.storyboard;
			sourceTree = "<group>";
		};
		BEB694E429A7BEED00F7EDB9 /* LaunchScreen.storyboard */ = {
			isa = PBXVariantGroup;
			children = (
				BEB694E529A7BEED00F7EDB9 /* Base */,
			);
			name = LaunchScreen.storyboard;
			sourceTree = "<group>";
		};
/* End PBXVariantGroup section */

/* Begin XCBuildConfiguration section */
		BEB694E829A7BEED00F7EDB9 /* Debug */ = {
			isa = XCBuildConfiguration;
			buildSettings = {
				ALWAYS_SEARCH_USER_PATHS = NO;
				CLANG_ANALYZER_NONNULL = YES;
				CLANG_ANALYZER_NUMBER_OBJECT_CONVERSION = YES_AGGRESSIVE;
				CLANG_CXX_LANGUAGE_STANDARD = "gnu++14";
				CLANG_CXX_LIBRARY = "libc++";
				CLANG_ENABLE_MODULES = YES;
				CLANG_ENABLE_OBJC_ARC = YES;
				CLANG_ENABLE_OBJC_WEAK = YES;
				CLANG_WARN_BLOCK_CAPTURE_AUTORELEASING = YES;
				CLANG_WARN_BOOL_CONVERSION = YES;
				CLANG_WARN_COMMA = YES;
				CLANG_WARN_CONSTANT_CONVERSION = YES;
				CLANG_WARN_DEPRECATED_OBJC_IMPLEMENTATIONS = YES;
				CLANG_WARN_DIRECT_OBJC_ISA_USAGE = YES_ERROR;
				CLANG_WARN_DOCUMENTATION_COMMENTS = YES;
				CLANG_WARN_EMPTY_BODY = YES;
				CLANG_WARN_ENUM_CONVERSION = YES;
				CLANG_WARN_INFINITE_RECURSION = YES;
				CLANG_WARN_INT_CONVERSION = YES;
				CLANG_WARN_NON_LITERAL_NULL_CONVERSION = YES;
				CLANG_WARN_OBJC_IMPLICIT_RETAIN_SELF = YES;
				CLANG_WARN_OBJC_LITERAL_CONVERSION = YES;
				CLANG_WARN_OBJC_ROOT_CLASS = YES_ERROR;
				CLANG_WARN_QUOTED_INCLUDE_IN_FRAMEWORK_HEADER = YES;
				CLANG_WARN_RANGE_LOOP_ANALYSIS = YES;
				CLANG_WARN_STRICT_PROTOTYPES = YES;
				CLANG_WARN_SUSPICIOUS_MOVE = YES;
				CLANG_WARN_UNGUARDED_AVAILABILITY = YES_AGGRESSIVE;
				CLANG_WARN_UNREACHABLE_CODE = YES;
				CLANG_WARN__DUPLICATE_METHOD_MATCH = YES;
				COPY_PHASE_STRIP = NO;
				DEBUG_INFORMATION_FORMAT = dwarf;
				ENABLE_STRICT_OBJC_MSGSEND = YES;
				ENABLE_TESTABILITY = YES;
				GCC_C_LANGUAGE_STANDARD = gnu11;
				GCC_DYNAMIC_NO_PIC = NO;
				GCC_NO_COMMON_BLOCKS = YES;
				GCC_OPTIMIZATION_LEVEL = 0;
				GCC_PREPROCESSOR_DEFINITIONS = (
					"DEBUG=1",
					"$(inherited)",
				);
				GCC_WARN_64_TO_32_BIT_CONVERSION = YES;
				GCC_WARN_ABOUT_RETURN_TYPE = YES_ERROR;
				GCC_WARN_UNDECLARED_SELECTOR = YES;
				GCC_WARN_UNINITIALIZED_AUTOS = YES_AGGRESSIVE;
				GCC_WARN_UNUSED_FUNCTION = YES;
				GCC_WARN_UNUSED_VARIABLE = YES;
				IPHONEOS_DEPLOYMENT_TARGET = 14.4;
				MTL_ENABLE_DEBUG_INFO = INCLUDE_SOURCE;
				MTL_FAST_MATH = YES;
				ONLY_ACTIVE_ARCH = YES;
				SDKROOT = iphoneos;
				SWIFT_ACTIVE_COMPILATION_CONDITIONS = DEBUG;
				SWIFT_OPTIMIZATION_LEVEL = "-Onone";
			};
			name = Debug;
		};
		BEB694E929A7BEED00F7EDB9 /* Release */ = {
			isa = XCBuildConfiguration;
			buildSettings = {
				ALWAYS_SEARCH_USER_PATHS = NO;
				CLANG_ANALYZER_NONNULL = YES;
				CLANG_ANALYZER_NUMBER_OBJECT_CONVERSION = YES_AGGRESSIVE;
				CLANG_CXX_LANGUAGE_STANDARD = "gnu++14";
				CLANG_CXX_LIBRARY = "libc++";
				CLANG_ENABLE_MODULES = YES;
				CLANG_ENABLE_OBJC_ARC = YES;
				CLANG_ENABLE_OBJC_WEAK = YES;
				CLANG_WARN_BLOCK_CAPTURE_AUTORELEASING = YES;
				CLANG_WARN_BOOL_CONVERSION = YES;
				CLANG_WARN_COMMA = YES;
				CLANG_WARN_CONSTANT_CONVERSION = YES;
				CLANG_WARN_DEPRECATED_OBJC_IMPLEMENTATIONS = YES;
				CLANG_WARN_DIRECT_OBJC_ISA_USAGE = YES_ERROR;
				CLANG_WARN_DOCUMENTATION_COMMENTS = YES;
				CLANG_WARN_EMPTY_BODY = YES;
				CLANG_WARN_ENUM_CONVERSION = YES;
				CLANG_WARN_INFINITE_RECURSION = YES;
				CLANG_WARN_INT_CONVERSION = YES;
				CLANG_WARN_NON_LITERAL_NULL_CONVERSION = YES;
				CLANG_WARN_OBJC_IMPLICIT_RETAIN_SELF = YES;
				CLANG_WARN_OBJC_LITERAL_CONVERSION = YES;
				CLANG_WARN_OBJC_ROOT_CLASS = YES_ERROR;
				CLANG_WARN_QUOTED_INCLUDE_IN_FRAMEWORK_HEADER = YES;
				CLANG_WARN_RANGE_LOOP_ANALYSIS = YES;
				CLANG_WARN_STRICT_PROTOTYPES = YES;
				CLANG_WARN_SUSPICIOUS_MOVE = YES;
				CLANG_WARN_UNGUARDED_AVAILABILITY = YES_AGGRESSIVE;
				CLANG_WARN_UNREACHABLE_CODE = YES;
				CLANG_WARN__DUPLICATE_METHOD_MATCH = YES;
				COPY_PHASE_STRIP = NO;
				DEBUG_INFORMATION_FORMAT = "dwarf-with-dsym";
				ENABLE_NS_ASSERTIONS = NO;
				ENABLE_STRICT_OBJC_MSGSEND = YES;
				GCC_C_LANGUAGE_STANDARD = gnu11;
				GCC_NO_COMMON_BLOCKS = YES;
				GCC_WARN_64_TO_32_BIT_CONVERSION = YES;
				GCC_WARN_ABOUT_RETURN_TYPE = YES_ERROR;
				GCC_WARN_UNDECLARED_SELECTOR = YES;
				GCC_WARN_UNINITIALIZED_AUTOS = YES_AGGRESSIVE;
				GCC_WARN_UNUSED_FUNCTION = YES;
				GCC_WARN_UNUSED_VARIABLE = YES;
				IPHONEOS_DEPLOYMENT_TARGET = 14.4;
				MTL_ENABLE_DEBUG_INFO = NO;
				MTL_FAST_MATH = YES;
				SDKROOT = iphoneos;
				SWIFT_COMPILATION_MODE = wholemodule;
				SWIFT_OPTIMIZATION_LEVEL = "-O";
				VALIDATE_PRODUCT = YES;
			};
			name = Release;
		};
		BEB694EB29A7BEED00F7EDB9 /* Debug */ = {
			isa = XCBuildConfiguration;
			buildSettings = {
				ASSETCATALOG_COMPILER_APPICON_NAME = AppIcon;
				ASSETCATALOG_COMPILER_GLOBAL_ACCENT_COLOR_NAME = AccentColor;
				CODE_SIGN_STYLE = Automatic;
				DEVELOPMENT_TEAM = 8DW7J2R7ZC;
				INFOPLIST_FILE = gitHub3/Info.plist;
				LD_RUNPATH_SEARCH_PATHS = (
					"$(inherited)",
					"@executable_path/Frameworks",
				);
				PRODUCT_BUNDLE_IDENTIFIER = com.appFAMEX.gitHub3;
				PRODUCT_NAME = "$(TARGET_NAME)";
				SWIFT_VERSION = 5.0;
				TARGETED_DEVICE_FAMILY = "1,2";
			};
			name = Debug;
		};
		BEB694EC29A7BEED00F7EDB9 /* Release */ = {
			isa = XCBuildConfiguration;
			buildSettings = {
				ASSETCATALOG_COMPILER_APPICON_NAME = AppIcon;
				ASSETCATALOG_COMPILER_GLOBAL_ACCENT_COLOR_NAME = AccentColor;
				CODE_SIGN_STYLE = Automatic;
				DEVELOPMENT_TEAM = 8DW7J2R7ZC;
				INFOPLIST_FILE = gitHub3/Info.plist;
				LD_RUNPATH_SEARCH_PATHS = (
					"$(inherited)",
					"@executable_path/Frameworks",
				);
				PRODUCT_BUNDLE_IDENTIFIER = com.appFAMEX.gitHub3;
				PRODUCT_NAME = "$(TARGET_NAME)";
				SWIFT_VERSION = 5.0;
				TARGETED_DEVICE_FAMILY = "1,2";
			};
			name = Release;
		};
/* End XCBuildConfiguration section */

/* Begin XCConfigurationList section */
		BEB694D129A7BEEA00F7EDB9 /* Build configuration list for PBXProject "gitHub3" */ = {
			isa = XCConfigurationList;
			buildConfigurations = (
				BEB694E829A7BEED00F7EDB9 /* Debug */,
				BEB694E929A7BEED00F7EDB9 /* Release */,
			);
			defaultConfigurationIsVisible = 0;
			defaultConfigurationName = Release;
		};
		BEB694EA29A7BEED00F7EDB9 /* Build configuration list for PBXNativeTarget "gitHub3" */ = {
			isa = XCConfigurationList;
			buildConfigurations = (
				BEB694EB29A7BEED00F7EDB9 /* Debug */,
				BEB694EC29A7BEED00F7EDB9 /* Release */,
			);
			defaultConfigurationIsVisible = 0;
			defaultConfigurationName = Release;
		};
/* End XCConfigurationList section */
	};
	rootObject = BEB694CE29A7BEEA00F7EDB9 /* Project object */;
}
